
Microsoft Visual Studio Solution File, Format Version 12.00
# Visual Studio Version 17
VisualStudioVersion = 17.5.33530.505
MinimumVisualStudioVersion = 10.0.40219.1
Project("{9A19103F-16F7-4668-BE54-9A1E7A4F7556}") = "BreakingNewsWeb", "BreakingNewsWeb\BreakingNewsWeb.csproj", "{9A9B24B0-E821-4F34-882B-72BFB4A8AF5F}"
	ProjectSection(ProjectDependencies) = postProject
		{49C2B056-79A7-4F6D-8CE7-046192F77A05} = {49C2B056-79A7-4F6D-8CE7-046192F77A05}
	EndProjectSection
EndProject
Project("{9A19103F-16F7-4668-BE54-9A1E7A4F7556}") = "NewsAPIParser", "NewsAPIParser\NewsAPIParser.csproj", "{49C2B056-79A7-4F6D-8CE7-046192F77A05}"
EndProject
Project("{FAE04EC0-301F-11D3-BF4B-00C04F79EFBC}") = "DBConnection", "DBConnection\DBConnection.csproj", "{B40D2DD8-6CC5-4B27-B138-48A7000D6135}"
EndProject
Global
	GlobalSection(SolutionConfigurationPlatforms) = preSolution
		Debug|Any CPU = Debug|Any CPU
		Release|Any CPU = Release|Any CPU
	EndGlobalSection
	GlobalSection(ProjectConfigurationPlatforms) = postSolution
		{9A9B24B0-E821-4F34-882B-72BFB4A8AF5F}.Debug|Any CPU.ActiveCfg = Debug|Any CPU
		{9A9B24B0-E821-4F34-882B-72BFB4A8AF5F}.Debug|Any CPU.Build.0 = Debug|Any CPU
		{9A9B24B0-E821-4F34-882B-72BFB4A8AF5F}.Release|Any CPU.ActiveCfg = Release|Any CPU
		{9A9B24B0-E821-4F34-882B-72BFB4A8AF5F}.Release|Any CPU.Build.0 = Release|Any CPU
		{49C2B056-79A7-4F6D-8CE7-046192F77A05}.Debug|Any CPU.ActiveCfg = Debug|Any CPU
		{49C2B056-79A7-4F6D-8CE7-046192F77A05}.Debug|Any CPU.Build.0 = Debug|Any CPU
		{49C2B056-79A7-4F6D-8CE7-046192F77A05}.Release|Any CPU.ActiveCfg = Release|Any CPU
		{49C2B056-79A7-4F6D-8CE7-046192F77A05}.Release|Any CPU.Build.0 = Release|Any CPU
		{B40D2DD8-6CC5-4B27-B138-48A7000D6135}.Debug|Any CPU.ActiveCfg = Debug|Any CPU
		{B40D2DD8-6CC5-4B27-B138-48A7000D6135}.Debug|Any CPU.Build.0 = Debug|Any CPU
		{B40D2DD8-6CC5-4B27-B138-48A7000D6135}.Release|Any CPU.ActiveCfg = Release|Any CPU
		{B40D2DD8-6CC5-4B27-B138-48A7000D6135}.Release|Any CPU.Build.0 = Release|Any CPU
	EndGlobalSection
	GlobalSection(SolutionProperties) = preSolution
		HideSolutionNode = FALSE
	EndGlobalSection
	GlobalSection(ExtensibilityGlobals) = postSolution
		SolutionGuid = {C134E383-19AE-4651-8FD6-F55C85934899}
	EndGlobalSection
EndGlobal
